github.com/VictoriaMetrics/metrics v1.11.0 h1:sfRmbgk7hGrxNXrziwyTmU8FZFLFrPNC7g2kZs0xMTQ=
github.com/VictoriaMetrics/metrics v1.11.0/go.mod h1:LU2j9qq7xqZYXz8tF3/RQnB2z2MbZms5TDiIg9/NHiQ=
github.com/VictoriaMetrics/metrics v1.11.3 h1:eSfXc0CrquKa1VTNUvhP+dhNjLUZHQGTFfp19mYCQWE=
github.com/VictoriaMetrics/metrics v1.11.3/go.mod h1:LU2j9qq7xqZYXz8tF3/RQnB2z2MbZms5TDiIg9/NHiQ=
github.com/VictoriaMetrics/metrics v1.12.0 h1:BudxtRYSA6j8H9mzjhXNEIsCPIEUPCb76QwFEptQzvQ=
github.com/VictoriaMetrics/metrics v1.12.0/go.mod h1:Z1tSfPfngDn12bTfZSCqArT3OPY3u88J12hSoOhuiRE=
github.com/VictoriaMetrics/metrics v1.12.1 h1:mmd6xo5FOmdF7U6X+huFB1O6HvjlkXsmhOIS1hF/A9g=
github.com/VictoriaMetrics/metrics v1.12.1/go.mod h1:Z1tSfPfngDn12bTfZSCqArT3OPY3u88J12hSoOhuiRE=
github.com/valyala/fastrand v1.0.0 h1:LUKT9aKer2dVQNUi3waewTbKV+7H17kvWFNKs2ObdkI=
github.com/valyala/fastrand v1.0.0/go.mod h1:HWqCzkrkg6QXT8V2EXWvXCoow7vLwOFN002oeRzjapQ=
github.com/valyala/histogram v1.0.1 h1:FzA7n2Tz/wKRMejgu3PV1vw3htAklTjjuoI6z3d4KDg=
github.com/valyala/histogram v1.0.1/go.mod h1:lQy0xA4wUz2+IUnf97SivorsJIp8FxsnRd6x25q7Mto=
github.com/valyala/histogram v1.1.2 h1:vOk5VrGjMBIoPR5k6wA8vBaC8toeJ8XO0yfRjFEc1h8=
github.com/valyala/histogram v1.1.2/go.mod h1:CZAr6gK9dbD7hYx2s8WSPh0p5x5wETjC+2b3PJVtEdg=
